
Microsoft Visual Studio Solution File, Format Version 12.00
# Visual Studio Version 16
VisualStudioVersion = 16.0.31729.503
MinimumVisualStudioVersion = 10.0.40219.1
Project("{FAE04EC0-301F-11D3-BF4B-00C04F79EFBC}") = "sample", "sample\sample.csproj", "{5E43CDC1-AE76-48F1-8BBD-0D281482C18D}"
EndProject
Global
	GlobalSection(SolutionConfigurationPlatforms) = preSolution
		Debug|Any CPU = Debug|Any CPU
		Release|Any CPU = Release|Any CPU
	EndGlobalSection
	GlobalSection(ProjectConfigurationPlatforms) = postSolution
		{5E43CDC1-AE76-48F1-8BBD-0D281482C18D}.Debug|Any CPU.ActiveCfg = Debug|Any CPU
		{5E43CDC1-AE76-48F1-8BBD-0D281482C18D}.Debug|Any CPU.Build.0 = Debug|Any CPU
		{5E43CDC1-AE76-48F1-8BBD-0D281482C18D}.Release|Any CPU.ActiveCfg = Release|Any CPU
		{5E43CDC1-AE76-48F1-8BBD-0D281482C18D}.Release|Any CPU.Build.0 = Release|Any CPU
	EndGlobalSection
	GlobalSection(SolutionProperties) = preSolution
		HideSolutionNode = FALSE
	EndGlobalSection
	GlobalSection(ExtensibilityGlobals) = postSolution
		SolutionGuid = {6C5B3647-E492-498A-86DD-07D59CCA0DC0}
	EndGlobalSection
EndGlobal
